
Microsoft Visual Studio Solution File, Format Version 12.00
# Visual Studio 15
VisualStudioVersion = 15.0.28307.902
MinimumVisualStudioVersion = 10.0.40219.1
Project("{FAE04EC0-301F-11D3-BF4B-00C04F79EFBC}") = "WareHouseManagement", "WareHouseManagement\WareHouseManagement.csproj", "{2FE373A0-3959-41FE-BA0A-D6A98E71B775}"
EndProject
Global
	GlobalSection(SolutionConfigurationPlatforms) = preSolution
		Debug|Any CPU = Debug|Any CPU
		Release|Any CPU = Release|Any CPU
	EndGlobalSection
	GlobalSection(ProjectConfigurationPlatforms) = postSolution
		{2FE373A0-3959-41FE-BA0A-D6A98E71B775}.Debug|Any CPU.ActiveCfg = Debug|Any CPU
		{2FE373A0-3959-41FE-BA0A-D6A98E71B775}.Debug|Any CPU.Build.0 = Debug|Any CPU
		{2FE373A0-3959-41FE-BA0A-D6A98E71B775}.Release|Any CPU.ActiveCfg = Release|Any CPU
		{2FE373A0-3959-41FE-BA0A-D6A98E71B775}.Release|Any CPU.Build.0 = Release|Any CPU
	EndGlobalSection
	GlobalSection(SolutionProperties) = preSolution
		HideSolutionNode = FALSE
	EndGlobalSection
	GlobalSection(ExtensibilityGlobals) = postSolution
		SolutionGuid = {A3E62ADD-D98F-4822-AE67-0F018FB6D69E}
	EndGlobalSection
EndGlobal
